Microsoft Visual Studio Solution File, Format Version 12.00
# Visual Studio Version 17
VisualStudioVersion = 17.5.2.0
MinimumVisualStudioVersion = 10.0.40219.1
Project("{FAE04EC0-301F-11D3-BF4B-00C04F79EFBC}") = "cli-security-agent", "cli-security-agent\cli-security-agent.csproj", "{FE0DA504-C09E-EE59-2C94-ABCE8E96019C}"
EndProject
Global
	GlobalSection(SolutionConfigurationPlatforms) = preSolution
		Debug|Any CPU = Debug|Any CPU
		Release|Any CPU = Release|Any CPU
	EndGlobalSection
	GlobalSection(ProjectConfigurationPlatforms) = postSolution
		{FE0DA504-C09E-EE59-2C94-ABCE8E96019C}.Debug|Any CPU.ActiveCfg = Debug|Any CPU
		{FE0DA504-C09E-EE59-2C94-ABCE8E96019C}.Debug|Any CPU.Build.0 = Debug|Any CPU
		{FE0DA504-C09E-EE59-2C94-ABCE8E96019C}.Release|Any CPU.ActiveCfg = Release|Any CPU
		{FE0DA504-C09E-EE59-2C94-ABCE8E96019C}.Release|Any CPU.Build.0 = Release|Any CPU
	EndGlobalSection
	GlobalSection(SolutionProperties) = preSolution
		HideSolutionNode = FALSE
	EndGlobalSection
	GlobalSection(ExtensibilityGlobals) = postSolution
		SolutionGuid = {654A4424-5360-43AB-B88F-9AC1E229895D}
	EndGlobalSection
EndGlobal
